{
  "nodes": {
    "cim-domain": {
      "flake": false,
      "locked": {
        "lastModified": 1762714986,
        "narHash": "sha256-aneoMaNFyhbZ33bEviuBGcd1XiDbwJcea/VzADDJ/1Q=",
        "ref": "refs/heads/main",
        "rev": "33414ffa877c3407c0ce0c9a24afadb42a808ff1",
        "revCount": 53,
        "type": "git",
        "url": "ssh://git@github.com/TheCowboyAI/cim-domain"
      },
      "original": {
        "type": "git",
        "url": "ssh://git@github.com/TheCowboyAI/cim-domain"
      }
    },
    "cim-domain-agent": {
      "flake": false,
      "locked": {
        "lastModified": 1767208694,
        "narHash": "sha256-M0k7RC7eYmrDN7BpLxyhOOIwTWdKWsG6tzI3J3BvpM4=",
        "ref": "refs/heads/main",
        "rev": "6cf190606666164c496ac04e1f729346a4427210",
        "revCount": 32,
        "type": "git",
        "url": "ssh://git@github.com/TheCowboyAI/cim-domain-agent"
      },
      "original": {
        "type": "git",
        "url": "ssh://git@github.com/TheCowboyAI/cim-domain-agent"
      }
    },
    "cim-domain-location": {
      "flake": false,
      "locked": {
        "lastModified": 1763249852,
        "narHash": "sha256-BXGh28ivNGyrUoU+NmFlYGzHP7S3mfPVzheKdb32z10=",
        "ref": "refs/heads/main",
        "rev": "dc243c603c631afaa6fa1c36a7bb3e7ac311a5e8",
        "revCount": 35,
        "type": "git",
        "url": "ssh://git@github.com/TheCowboyAI/cim-domain-location"
      },
      "original": {
        "type": "git",
        "url": "ssh://git@github.com/TheCowboyAI/cim-domain-location"
      }
    },
    "cim-domain-organization": {
      "flake": false,
      "locked": {
        "lastModified": 1762715038,
        "narHash": "sha256-L1xjGWiUT9di2CZQhBNFbEawRKdQeegmu+xiJITLYh0=",
        "ref": "refs/heads/main",
        "rev": "b3c6abd437e65ed0d0a21877612cfbcd35e91353",
        "revCount": 39,
        "type": "git",
        "url": "ssh://git@github.com/TheCowboyAI/cim-domain-organization"
      },
      "original": {
        "type": "git",
        "url": "ssh://git@github.com/TheCowboyAI/cim-domain-organization"
      }
    },
    "cim-domain-person": {
      "flake": false,
      "locked": {
        "lastModified": 1762715035,
        "narHash": "sha256-GBVgbjEBGBX0pD+kHBlHiJ1I2KCx8O9eRCcUD3Emp7I=",
        "ref": "refs/heads/main",
        "rev": "625638595acf9ec1ec6f55dc0e9d85bbea6c2b08",
        "revCount": 45,
        "type": "git",
        "url": "ssh://git@github.com/TheCowboyAI/cim-domain-person"
      },
      "original": {
        "type": "git",
        "url": "ssh://git@github.com/TheCowboyAI/cim-domain-person"
      }
    },
    "cim-domain-policy": {
      "flake": false,
      "locked": {
        "lastModified": 1762715043,
        "narHash": "sha256-ftU04r96YwEc9jWu57uppvBDnyGEJVCItRsqCL2fVgY=",
        "ref": "refs/heads/main",
        "rev": "3913ecfebf8061d0bf48c62e8e3ef26e4523baeb",
        "revCount": 17,
        "type": "git",
        "url": "ssh://git@github.com/TheCowboyAI/cim-domain-policy"
      },
      "original": {
        "type": "git",
        "url": "ssh://git@github.com/TheCowboyAI/cim-domain-policy"
      }
    },
    "cim-domain-relationship": {
      "flake": false,
      "locked": {
        "lastModified": 1767128007,
        "narHash": "sha256-gOgxacV+kOhEJTEyEpuPVPSK9ZOFuBhENV2jzqYPr+Y=",
        "ref": "refs/heads/main",
        "rev": "c9e03b761dc39b790763f2570b3d0d2c048aa392",
        "revCount": 1,
        "type": "git",
        "url": "ssh://git@github.com/TheCowboyAI/cim-domain-relationship"
      },
      "original": {
        "type": "git",
        "url": "ssh://git@github.com/TheCowboyAI/cim-domain-relationship"
      }
    },
    "cim-domain-spaces": {
      "flake": false,
      "locked": {
        "lastModified": 1767208680,
        "narHash": "sha256-Et4lKSlYA+CliT6cwg4skhfbt6VJZ3p3SqfWJV1XTe0=",
        "ref": "refs/heads/main",
        "rev": "c5546229703393e555f2fb8d1e2dc5b47afdd396",
        "revCount": 2,
        "type": "git",
        "url": "ssh://git@github.com/TheCowboyAI/cim-domain-spaces"
      },
      "original": {
        "type": "git",
        "url": "ssh://git@github.com/TheCowboyAI/cim-domain-spaces"
      }
    },
    "cim-graph": {
      "flake": false,
      "locked": {
        "lastModified": 1767208672,
        "narHash": "sha256-3N5tKdOuyB1OiWtrU6xvSboybFvQ6WPflgGWG39eFDU=",
        "ref": "refs/heads/main",
        "rev": "7e1f784ddf3e3dc92dfe02e5698cad6ec49a9d7a",
        "revCount": 47,
        "type": "git",
        "url": "ssh://git@github.com/TheCowboyAI/cim-graph"
      },
      "original": {
        "type": "git",
        "url": "ssh://git@github.com/TheCowboyAI/cim-graph"
      }
    },
    "cim-ipld": {
      "flake": false,
      "locked": {
        "lastModified": 1767208687,
        "narHash": "sha256-wobAmgzkDxlHoqjq9ZX7QtWjEmcDOKSDh9ZO6pj/wbE=",
        "ref": "refs/heads/main",
        "rev": "674933ecf75166b5112d79ed3eb7b51d0a193a83",
        "revCount": 109,
        "type": "git",
        "url": "ssh://git@github.com/TheCowboyAI/cim-ipld"
      },
      "original": {
        "type": "git",
        "url": "ssh://git@github.com/TheCowboyAI/cim-ipld"
      }
    },
    "disko": {
      "inputs": {
        "nixpkgs": [
          "nixpkgs"
        ]
      },
      "locked": {
        "lastModified": 1766150702,
        "narHash": "sha256-P0kM+5o+DKnB6raXgFEk3azw8Wqg5FL6wyl9jD+G5a4=",
        "owner": "nix-community",
        "repo": "disko",
        "rev": "916506443ecd0d0b4a0f4cf9d40a3c22ce39b378",
        "type": "github"
      },
      "original": {
        "owner": "nix-community",
        "repo": "disko",
        "type": "github"
      }
    },
    "flake-utils": {
      "inputs": {
        "systems": "systems"
      },
      "locked": {
        "lastModified": 1731533236,
        "narHash": "sha256-l0KFg5HjrsfsO/JpG+r7fRrqm12kzFHyUHqHCVpMMbI=",
        "owner": "numtide",
        "repo": "flake-utils",
        "rev": "11707dc2f618dd54ca8739b309ec4fc024de578b",
        "type": "github"
      },
      "original": {
        "owner": "numtide",
        "repo": "flake-utils",
        "type": "github"
      }
    },
    "nixlib": {
      "locked": {
        "lastModified": 1736643958,
        "narHash": "sha256-tmpqTSWVRJVhpvfSN9KXBvKEXplrwKnSZNAoNPf/S/s=",
        "owner": "nix-community",
        "repo": "nixpkgs.lib",
        "rev": "1418bc28a52126761c02dd3d89b2d8ca0f521181",
        "type": "github"
      },
      "original": {
        "owner": "nix-community",
        "repo": "nixpkgs.lib",
        "type": "github"
      }
    },
    "nixos-generators": {
      "inputs": {
        "nixlib": "nixlib",
        "nixpkgs": [
          "nixpkgs"
        ]
      },
      "locked": {
        "lastModified": 1764234087,
        "narHash": "sha256-NHF7QWa0ZPT8hsJrvijREW3+nifmF2rTXgS2v0tpcEA=",
        "owner": "nix-community",
        "repo": "nixos-generators",
        "rev": "032a1878682fafe829edfcf5fdfad635a2efe748",
        "type": "github"
      },
      "original": {
        "owner": "nix-community",
        "repo": "nixos-generators",
        "type": "github"
      }
    },
    "nixpkgs": {
      "locked": {
        "lastModified": 1766902085,
        "narHash": "sha256-coBu0ONtFzlwwVBzmjacUQwj3G+lybcZ1oeNSQkgC0M=",
        "owner": "NixOS",
        "repo": "nixpkgs",
        "rev": "c0b0e0fddf73fd517c3471e546c0df87a42d53f4",
        "type": "github"
      },
      "original": {
        "owner": "NixOS",
        "ref": "nixos-unstable",
        "repo": "nixpkgs",
        "type": "github"
      }
    },
    "root": {
      "inputs": {
        "cim-domain": "cim-domain",
        "cim-domain-agent": "cim-domain-agent",
        "cim-domain-location": "cim-domain-location",
        "cim-domain-organization": "cim-domain-organization",
        "cim-domain-person": "cim-domain-person",
        "cim-domain-policy": "cim-domain-policy",
        "cim-domain-relationship": "cim-domain-relationship",
        "cim-domain-spaces": "cim-domain-spaces",
        "cim-graph": "cim-graph",
        "cim-ipld": "cim-ipld",
        "disko": "disko",
        "flake-utils": "flake-utils",
        "nixos-generators": "nixos-generators",
        "nixpkgs": "nixpkgs",
        "rust-overlay": "rust-overlay"
      }
    },
    "rust-overlay": {
      "inputs": {
        "nixpkgs": [
          "nixpkgs"
        ]
      },
      "locked": {
        "lastModified": 1767149068,
        "narHash": "sha256-TjfAb58Ybz/93e2jP0qD846dj+VqiY7wk+EqsxcZ708=",
        "owner": "oxalica",
        "repo": "rust-overlay",
        "rev": "6d14586a5917a1ec7f045ac97e6d00c68ea5d9f3",
        "type": "github"
      },
      "original": {
        "owner": "oxalica",
        "repo": "rust-overlay",
        "type": "github"
      }
    },
    "systems": {
      "locked": {
        "lastModified": 1681028828,
        "narHash": "sha256-Vy1rq5AaRuLzOxct8nz4T6wlgyUR7zLU309k9mBC768=",
        "owner": "nix-systems",
        "repo": "default",
        "rev": "da67096a3b9bf56a91d16901293e51ba5b49a27e",
        "type": "github"
      },
      "original": {
        "owner": "nix-systems",
        "repo": "default",
        "type": "github"
      }
    }
  },
  "root": "root",
  "version": 7
}
